# THIS IS AN AUTOGENERATED FILE. DO NOT EDIT THIS FILE DIRECTLY.
# yarn lockfile v1


ant-design@^1.0.0:
  version "1.0.0"
  resolved "https://registry.yarnpkg.com/ant-design/-/ant-design-1.0.0.tgz#53ea0a397da976358e88bf06224fb3de756b87b4"
  integrity sha512-EiN9oXroImi01yz1xwpDzExb1U5ddi4MYiCTaTLVl8SA3QHXYClJn0BikAYS2IMPzmpmAYhwOgGA2HE/sL/c9g==
